
Microsoft Visual Studio Solution File, Format Version 12.00
# Visual Studio 15
VisualStudioVersion = 15.0.28307.572
MinimumVisualStudioVersion = 10.0.40219.1
Project("{9A19103F-16F7-4668-BE54-9A1E7A4F7556}") = "S2-Outsource-Project", "S2-Outsource-Project\S2-Outsource-Project.csproj", "{35F24963-52B3-4DD9-AD62-79B66DA2236D}"
EndProject
Project("{9A19103F-16F7-4668-BE54-9A1E7A4F7556}") = "S2-Outsource-Project2", "S2-Outsource-Project2\S2-Outsource-Project2\S2-Outsource-Project2.csproj", "{F6D84AC8-E878-49BE-93E1-D9441F090627}"
EndProject
Global
	GlobalSection(SolutionConfigurationPlatforms) = preSolution
		Debug|Any CPU = Debug|Any CPU
		Release|Any CPU = Release|Any CPU
	EndGlobalSection
	GlobalSection(ProjectConfigurationPlatforms) = postSolution
		{35F24963-52B3-4DD9-AD62-79B66DA2236D}.Debug|Any CPU.ActiveCfg = Debug|Any CPU
		{35F24963-52B3-4DD9-AD62-79B66DA2236D}.Debug|Any CPU.Build.0 = Debug|Any CPU
		{35F24963-52B3-4DD9-AD62-79B66DA2236D}.Release|Any CPU.ActiveCfg = Release|Any CPU
		{35F24963-52B3-4DD9-AD62-79B66DA2236D}.Release|Any CPU.Build.0 = Release|Any CPU
		{F6D84AC8-E878-49BE-93E1-D9441F090627}.Debug|Any CPU.ActiveCfg = Debug|Any CPU
		{F6D84AC8-E878-49BE-93E1-D9441F090627}.Debug|Any CPU.Build.0 = Debug|Any CPU
		{F6D84AC8-E878-49BE-93E1-D9441F090627}.Release|Any CPU.ActiveCfg = Release|Any CPU
		{F6D84AC8-E878-49BE-93E1-D9441F090627}.Release|Any CPU.Build.0 = Release|Any CPU
	EndGlobalSection
	GlobalSection(SolutionProperties) = preSolution
		HideSolutionNode = FALSE
	EndGlobalSection
	GlobalSection(ExtensibilityGlobals) = postSolution
		SolutionGuid = {6C6BD001-3C8D-46D6-B27C-C714CAC261E4}
	EndGlobalSection
EndGlobal
